{
    "_readme": [
        "This file locks the dependencies of your project to a known state",
        "Read more about it at https://getcomposer.org/doc/01-basic-usage.md#installing-dependencies",
        "This file is @generated automatically"
    ],
    "content-hash": "6ec5fb3f58a87a947d72d5f14979e65e",
    "packages": [
        {
            "name": "payrexx/payrexx",
            "version": "dev-master",
            "source": {
                "type": "git",
                "url": "https://github.com/payrexx/payrexx-php.git",
                "reference": "2ad4c0d962a5d186c309c10cf5da6cc6e436fb5b"
            },
            "dist": {
                "type": "zip",
                "url": "https://api.github.com/repos/payrexx/payrexx-php/zipball/2ad4c0d962a5d186c309c10cf5da6cc6e436fb5b",
                "reference": "2ad4c0d962a5d186c309c10cf5da6cc6e436fb5b",
                "shasum": ""
            },
            "require": {
                "php": ">=5.4"
            },
            "type": "library",
            "autoload": {
                "psr-0": {
                    "Payrexx": "lib/"
                }
            },
            "notification-url": "https://packagist.org/downloads/",
            "license": [
                "MIT"
            ],
            "authors": [
                {
                    "name": "Payrexx AG",
                    "homepage": "https://www.payrexx.com"
                }
            ],
            "description": "Payrexx PHPLib",
            "homepage": "https://www.payrexx.com",
            "keywords": [
                "gateway",
                "payment"
            ],
            "time": "2020-01-13T14:14:55+00:00"
        }
    ],
    "packages-dev": [],
    "aliases": [],
    "minimum-stability": "stable",
    "stability-flags": {
        "payrexx/payrexx": 20
    },
    "prefer-stable": false,
    "prefer-lowest": false,
    "platform": [],
    "platform-dev": []
}
